
Microsoft Visual Studio Solution File, Format Version 12.00
# Visual Studio Version 17
VisualStudioVersion = 17.3.32922.545
MinimumVisualStudioVersion = 10.0.40219.1
Project("{FAE04EC0-301F-11D3-BF4B-00C04F79EFBC}") = "Balaie_Cristian_Lab1", "Balaie_Cristian_Lab1.csproj", "{526B4235-D151-413D-9828-F50F9C198C05}"
EndProject
Global
	GlobalSection(SolutionConfigurationPlatforms) = preSolution
		Debug|Any CPU = Debug|Any CPU
		Release|Any CPU = Release|Any CPU
	EndGlobalSection
	GlobalSection(ProjectConfigurationPlatforms) = postSolution
		{526B4235-D151-413D-9828-F50F9C198C05}.Debug|Any CPU.ActiveCfg = Debug|Any CPU
		{526B4235-D151-413D-9828-F50F9C198C05}.Debug|Any CPU.Build.0 = Debug|Any CPU
		{526B4235-D151-413D-9828-F50F9C198C05}.Release|Any CPU.ActiveCfg = Release|Any CPU
		{526B4235-D151-413D-9828-F50F9C198C05}.Release|Any CPU.Build.0 = Release|Any CPU
	EndGlobalSection
	GlobalSection(SolutionProperties) = preSolution
		HideSolutionNode = FALSE
	EndGlobalSection
	GlobalSection(ExtensibilityGlobals) = postSolution
		SolutionGuid = {77212F35-5F57-46F9-83BC-93289342B477}
	EndGlobalSection
EndGlobal
